
Microsoft Visual Studio Solution File, Format Version 12.00
# Visual Studio Version 17
VisualStudioVersion = 17.2.32526.322
MinimumVisualStudioVersion = 10.0.40219.1
Project("{FAE04EC0-301F-11D3-BF4B-00C04F79EFBC}") = "pruebaPPAI", "pruebaPPAI.csproj", "{F9728EFB-A7D6-4C4B-A55B-059D948504DF}"
EndProject
Global
	GlobalSection(SolutionConfigurationPlatforms) = preSolution
		Debug|Any CPU = Debug|Any CPU
		Release|Any CPU = Release|Any CPU
	EndGlobalSection
	GlobalSection(ProjectConfigurationPlatforms) = postSolution
		{F9728EFB-A7D6-4C4B-A55B-059D948504DF}.Debug|Any CPU.ActiveCfg = Debug|Any CPU
		{F9728EFB-A7D6-4C4B-A55B-059D948504DF}.Debug|Any CPU.Build.0 = Debug|Any CPU
		{F9728EFB-A7D6-4C4B-A55B-059D948504DF}.Release|Any CPU.ActiveCfg = Release|Any CPU
		{F9728EFB-A7D6-4C4B-A55B-059D948504DF}.Release|Any CPU.Build.0 = Release|Any CPU
	EndGlobalSection
	GlobalSection(SolutionProperties) = preSolution
		HideSolutionNode = FALSE
	EndGlobalSection
	GlobalSection(ExtensibilityGlobals) = postSolution
		SolutionGuid = {F6E91A08-7800-48E3-A89B-B340C16ACFAC}
	EndGlobalSection
EndGlobal
